// !$*UTF8*$!
{
	archiveVersion = 1;
	classes = {
	};
	objectVersion = 46;
	objects = {

/* Begin PBXBuildFile section */
		4553DB701D9C714F00EA5145 /* AzureNotificationHub.h in CopyFiles */ = {isa = PBXBuildFile; fileRef = 4553DB6F1D9C714F00EA5145 /* AzureNotificationHub.h */; };
		4553DB721D9C714F00EA5145 /* AzureNotificationHub.m in Sources */ = {isa = PBXBuildFile; fileRef = 4553DB711D9C714F00EA5145 /* AzureNotificationHub.m */; };
		4575C1701D9C719500600F2A /* WindowsAzureMessaging.framework in Frameworks */ = {isa = PBXBuildFile; fileRef = 4575C16E1D9C719500600F2A /* WindowsAzureMessaging.framework */; };
		4575C1711D9C719500600F2A /* WindowsAzureMobileServices.framework in Frameworks */ = {isa = PBXBuildFile; fileRef = 4575C16F1D9C719500600F2A /* WindowsAzureMobileServices.framework */; };
/* End PBXBuildFile section */

/* Begin PBXCopyFilesBuildPhase section */
		4553DB6A1D9C714F00EA5145 /* CopyFiles */ = {
			isa = PBXCopyFilesBuildPhase;
			buildActionMask = 2147483647;
			dstPath = "include/$(PRODUCT_NAME)";
			dstSubfolderSpec = 16;
			files = (
				4553DB701D9C714F00EA5145 /* AzureNotificationHub.h in CopyFiles */,
			);
			runOnlyForDeploymentPostprocessing = 0;
		};
/* End PBXCopyFilesBuildPhase section */

/* Begin PBXFileReference section */
		4553DB6C1D9C714F00EA5145 /* libAzureNotificationHub.a */ = {isa = PBXFileReference; explicitFileType = archive.ar; includeInIndex = 0; path = libAzureNotificationHub.a; sourceTree = BUILT_PRODUCTS_DIR; };
		4553DB6F1D9C714F00EA5145 /* AzureNotificationHub.h */ = {isa = PBXFileReference; lastKnownFileType = sourcecode.c.h; path = AzureNotificationHub.h; sourceTree = "<group>"; };
		4553DB711D9C714F00EA5145 /* AzureNotificationHub.m */ = {isa = PBXFileReference; lastKnownFileType = sourcecode.c.objc; path = AzureNotificationHub.m; sourceTree = "<group>"; };
		4575C16E1D9C719500600F2A /* WindowsAzureMessaging.framework */ = {isa = PBXFileReference; lastKnownFileType = wrapper.framework; name = WindowsAzureMessaging.framework; path = Frameworks/WindowsAzureMessaging.framework; sourceTree = "<group>"; };
		4575C16F1D9C719500600F2A /* WindowsAzureMobileServices.framework */ = {isa = PBXFileReference; lastKnownFileType = wrapper.framework; name = WindowsAzureMobileServices.framework; path = Frameworks/WindowsAzureMobileServices.framework; sourceTree = "<group>"; };
/* End PBXFileReference section */

/* Begin PBXFrameworksBuildPhase section */
		4553DB691D9C714F00EA5145 /* Frameworks */ = {
			isa = PBXFrameworksBuildPhase;
			buildActionMask = 2147483647;
			files = (
				4575C1711D9C719500600F2A /* WindowsAzureMobileServices.framework in Frameworks */,
				4575C1701D9C719500600F2A /* WindowsAzureMessaging.framework in Frameworks */,
			);
			runOnlyForDeploymentPostprocessing = 0;
		};
/* End PBXFrameworksBuildPhase section */

/* Begin PBXGroup section */
		4553DB631D9C714F00EA5145 = {
			isa = PBXGroup;
			children = (
				4553DB6E1D9C714F00EA5145 /* AzureNotificationHub */,
				4575C1721D9C719700600F2A /* Frameworks */,
				4553DB6D1D9C714F00EA5145 /* Products */,
			);
			sourceTree = "<group>";
		};
		4553DB6D1D9C714F00EA5145 /* Products */ = {
			isa = PBXGroup;
			children = (
				4553DB6C1D9C714F00EA5145 /* libAzureNotificationHub.a */,
			);
			name = Products;
			sourceTree = "<group>";
		};
		4553DB6E1D9C714F00EA5145 /* AzureNotificationHub */ = {
			isa = PBXGroup;
			children = (
				4553DB6F1D9C714F00EA5145 /* AzureNotificationHub.h */,
				4553DB711D9C714F00EA5145 /* AzureNotificationHub.m */,
			);
			path = AzureNotificationHub;
			sourceTree = "<group>";
		};
		4575C1721D9C719700600F2A /* Frameworks */ = {
			isa = PBXGroup;
			children = (
				4575C16E1D9C719500600F2A /* WindowsAzureMessaging.framework */,
				4575C16F1D9C719500600F2A /* WindowsAzureMobileServices.framework */,
			);
			name = Frameworks;
			sourceTree = "<group>";
		};
/* End PBXGroup section */

/* Begin PBXNativeTarget section */
		4553DB6B1D9C714F00EA5145 /* AzureNotificationHub */ = {
			isa = PBXNativeTarget;
			buildConfigurationList = 4553DB751D9C714F00EA5145 /* Build configuration list for PBXNativeTarget "AzureNotificationHub" */;
			buildPhases = (
				4553DB681D9C714F00EA5145 /* Sources */,
				4553DB691D9C714F00EA5145 /* Frameworks */,
				4553DB6A1D9C714F00EA5145 /* CopyFiles */,
			);
			buildRules = (
			);
			dependencies = (
			);
			name = AzureNotificationHub;
			productName = AzureNotificationHub;
			productReference = 4553DB6C1D9C714F00EA5145 /* libAzureNotificationHub.a */;
			productType = "com.apple.product-type.library.static";
		};
/* End PBXNativeTarget section */

/* Begin PBXProject section */
		4553DB641D9C714F00EA5145 /* Project object */ = {
			isa = PBXProject;
			attributes = {
				LastUpgradeCheck = 0730;
				ORGANIZATIONNAME = Microsoft;
				TargetAttributes = {
					4553DB6B1D9C714F00EA5145 = {
						CreatedOnToolsVersion = 7.3.1;
					};
				};
			};
			buildConfigurationList = 4553DB671D9C714F00EA5145 /* Build configuration list for PBXProject "AzureNotificationHub" */;
			compatibilityVersion = "Xcode 3.2";
			developmentRegion = English;
			hasScannedForEncodings = 0;
			knownRegions = (
				en,
			);
			mainGroup = 4553DB631D9C714F00EA5145;
			productRefGroup = 4553DB6D1D9C714F00EA5145 /* Products */;
			projectDirPath = "";
			projectRoot = "";
			targets = (
				4553DB6B1D9C714F00EA5145 /* AzureNotificationHub */,
			);
		};
/* End PBXProject section */

/* Begin PBXSourcesBuildPhase section */
		4553DB681D9C714F00EA5145 /* Sources */ = {
			isa = PBXSourcesBuildPhase;
			buildActionMask = 2147483647;
			files = (
				4553DB721D9C714F00EA5145 /* AzureNotificationHub.m in Sources */,
			);
			runOnlyForDeploymentPostprocessing = 0;
		};
/* End PBXSourcesBuildPhase section */

/* Begin XCBuildConfiguration section */
		4553DB731D9C714F00EA5145 /* Debug */ = {
			isa = XCBuildConfiguration;
			buildSettings = {
				ALWAYS_SEARCH_USER_PATHS = NO;
				CLANG_ANALYZER_NONNULL = YES;
				CLANG_CXX_LANGUAGE_STANDARD = "gnu++0x";
				CLANG_CXX_LIBRARY = "libc++";
				CLANG_ENABLE_MODULES = YES;
				CLANG_ENABLE_OBJC_ARC = YES;
				CLANG_WARN_BOOL_CONVERSION = YES;
				CLANG_WARN_CONSTANT_CONVERSION = YES;
				CLANG_WARN_DIRECT_OBJC_ISA_USAGE = YES_ERROR;
				CLANG_WARN_EMPTY_BODY = YES;
				CLANG_WARN_ENUM_CONVERSION = YES;
				CLANG_WARN_INT_CONVERSION = YES;
				CLANG_WARN_OBJC_ROOT_CLASS = YES_ERROR;
				CLANG_WARN_UNREACHABLE_CODE = YES;
				CLANG_WARN__DUPLICATE_METHOD_MATCH = YES;
				"CODE_SIGN_IDENTITY[sdk=iphoneos*]" = "iPhone Developer";
				COPY_PHASE_STRIP = NO;
				DEBUG_INFORMATION_FORMAT = dwarf;
				ENABLE_STRICT_OBJC_MSGSEND = YES;
				ENABLE_TESTABILITY = YES;
				GCC_C_LANGUAGE_STANDARD = gnu99;
				GCC_DYNAMIC_NO_PIC = NO;
				GCC_NO_COMMON_BLOCKS = YES;
				GCC_OPTIMIZATION_LEVEL = 0;
				GCC_PREPROCESSOR_DEFINITIONS = (
					"DEBUG=1",
					"$(inherited)",
				);
				GCC_WARN_64_TO_32_BIT_CONVERSION = YES;
				GCC_WARN_ABOUT_RETURN_TYPE = YES_ERROR;
				GCC_WARN_UNDECLARED_SELECTOR = YES;
				GCC_WARN_UNINITIALIZED_AUTOS = YES_AGGRESSIVE;
				GCC_WARN_UNUSED_FUNCTION = YES;
				GCC_WARN_UNUSED_VARIABLE = YES;
				IPHONEOS_DEPLOYMENT_TARGET = 9.3;
				MTL_ENABLE_DEBUG_INFO = YES;
				ONLY_ACTIVE_ARCH = YES;
				SDKROOT = iphoneos;
			};
			name = Debug;
		};
		4553DB741D9C714F00EA5145 /* Release */ = {
			isa = XCBuildConfiguration;
			buildSettings = {
				ALWAYS_SEARCH_USER_PATHS = NO;
				CLANG_ANALYZER_NONNULL = YES;
				CLANG_CXX_LANGUAGE_STANDARD = "gnu++0x";
				CLANG_CXX_LIBRARY = "libc++";
				CLANG_ENABLE_MODULES = YES;
				CLANG_ENABLE_OBJC_ARC = YES;
				CLANG_WARN_BOOL_CONVERSION = YES;
				CLANG_WARN_CONSTANT_CONVERSION = YES;
				CLANG_WARN_DIRECT_OBJC_ISA_USAGE = YES_ERROR;
				CLANG_WARN_EMPTY_BODY = YES;
				CLANG_WARN_ENUM_CONVERSION = YES;
				CLANG_WARN_INT_CONVERSION = YES;
				CLANG_WARN_OBJC_ROOT_CLASS = YES_ERROR;
				CLANG_WARN_UNREACHABLE_CODE = YES;
				CLANG_WARN__DUPLICATE_METHOD_MATCH = YES;
				"CODE_SIGN_IDENTITY[sdk=iphoneos*]" = "iPhone Developer";
				COPY_PHASE_STRIP = NO;
				DEBUG_INFORMATION_FORMAT = "dwarf-with-dsym";
				ENABLE_NS_ASSERTIONS = NO;
				ENABLE_STRICT_OBJC_MSGSEND = YES;
				GCC_C_LANGUAGE_STANDARD = gnu99;
				GCC_NO_COMMON_BLOCKS = YES;
				GCC_WARN_64_TO_32_BIT_CONVERSION = YES;
				GCC_WARN_ABOUT_RETURN_TYPE = YES_ERROR;
				GCC_WARN_UNDECLARED_SELECTOR = YES;
				GCC_WARN_UNINITIALIZED_AUTOS = YES_AGGRESSIVE;
				GCC_WARN_UNUSED_FUNCTION = YES;
				GCC_WARN_UNUSED_VARIABLE = YES;
				IPHONEOS_DEPLOYMENT_TARGET = 9.3;
				MTL_ENABLE_DEBUG_INFO = NO;
				SDKROOT = iphoneos;
				VALIDATE_PRODUCT = YES;
			};
			name = Release;
		};
		4553DB761D9C714F00EA5145 /* Debug */ = {
			isa = XCBuildConfiguration;
			buildSettings = {
				ENABLE_BITCODE = NO;
				FRAMEWORK_SEARCH_PATHS = (
					"$(inherited)",
					"$(PROJECT_DIR)/Frameworks",
				);
				HEADER_SEARCH_PATHS = "$(SRCROOT)/../../../node_modules/react-native/React/**";
				IPHONEOS_DEPLOYMENT_TARGET = 8.0;
				OTHER_LDFLAGS = "-ObjC";
				PRODUCT_NAME = "$(TARGET_NAME)";
				SKIP_INSTALL = YES;
			};
			name = Debug;
		};
		4553DB771D9C714F00EA5145 /* Release */ = {
			isa = XCBuildConfiguration;
			buildSettings = {
				ENABLE_BITCODE = NO;
				FRAMEWORK_SEARCH_PATHS = (
					"$(inherited)",
					"$(PROJECT_DIR)/Frameworks",
				);
				HEADER_SEARCH_PATHS = "$(SRCROOT)/../../../node_modules/react-native/React/**";
				IPHONEOS_DEPLOYMENT_TARGET = 8.0;
				OTHER_LDFLAGS = "-ObjC";
				PRODUCT_NAME = "$(TARGET_NAME)";
				SKIP_INSTALL = YES;
			};
			name = Release;
		};
/* End XCBuildConfiguration section */

/* Begin XCConfigurationList section */
		4553DB671D9C714F00EA5145 /* Build configuration list for PBXProject "AzureNotificationHub" */ = {
			isa = XCConfigurationList;
			buildConfigurations = (
				4553DB731D9C714F00EA5145 /* Debug */,
				4553DB741D9C714F00EA5145 /* Release */,
			);
			defaultConfigurationIsVisible = 0;
			defaultConfigurationName = Release;
		};
		4553DB751D9C714F00EA5145 /* Build configuration list for PBXNativeTarget "AzureNotificationHub" */ = {
			isa = XCConfigurationList;
			buildConfigurations = (
				4553DB761D9C714F00EA5145 /* Debug */,
				4553DB771D9C714F00EA5145 /* Release */,
			);
			defaultConfigurationIsVisible = 0;
			defaultConfigurationName = Release;
		};
/* End XCConfigurationList section */
	};
	rootObject = 4553DB641D9C714F00EA5145 /* Project object */;
}
