// !$*UTF8*$!
{
	archiveVersion = 1;
	classes = {
	};
	objectVersion = 46;
	objects = {

/* Begin PBXAggregateTarget section */
		906E406D16A8851E00817A11 /* Framework */ = {
			isa = PBXAggregateTarget;
			buildConfigurationList = 906E406E16A8851E00817A11 /* Build configuration list for PBXAggregateTarget "Framework" */;
			buildPhases = (
				906E407316A8853F00817A11 /* Build other platforms */,
			);
			dependencies = (
				906E407216A8853000817A11 /* PBXTargetDependency */,
			);
			name = Framework;
			productName = Framework;
		};
/* End PBXAggregateTarget section */

/* Begin PBXBuildFile section */
		8471C92B16EABF5600C73674 /* SBLocalStorage.h in Headers */ = {isa = PBXBuildFile; fileRef = 8471C92916EABF5600C73674 /* SBLocalStorage.h */; settings = {ATTRIBUTES = (Public, ); }; };
		8471C92C16EABF5600C73674 /* SBLocalStorage.m in Sources */ = {isa = PBXBuildFile; fileRef = 8471C92A16EABF5600C73674 /* SBLocalStorage.m */; };
		848CB70A16FBE52D00183E8D /* SBTemplateRegistration.h in Headers */ = {isa = PBXBuildFile; fileRef = 848CB70816FBE52D00183E8D /* SBTemplateRegistration.h */; settings = {ATTRIBUTES = (Private, ); }; };
		848CB70B16FBE52D00183E8D /* SBTemplateRegistration.m in Sources */ = {isa = PBXBuildFile; fileRef = 848CB70916FBE52D00183E8D /* SBTemplateRegistration.m */; };
		848CB73C16FCC78E00183E8D /* SBStoredRegistrationEntry.h in Headers */ = {isa = PBXBuildFile; fileRef = 848CB73A16FCC78E00183E8D /* SBStoredRegistrationEntry.h */; settings = {ATTRIBUTES = (Public, ); }; };
		848CB73D16FCC78E00183E8D /* SBStoredRegistrationEntry.m in Sources */ = {isa = PBXBuildFile; fileRef = 848CB73B16FCC78E00183E8D /* SBStoredRegistrationEntry.m */; };
		906E403C16A86A3200817A11 /* Foundation.framework in Frameworks */ = {isa = PBXBuildFile; fileRef = 906E403B16A86A3200817A11 /* Foundation.framework */; };
		906E406216A86E4300817A11 /* WindowsAzureMessaging.h in CopyFiles */ = {isa = PBXBuildFile; fileRef = 906E404016A86A3200817A11 /* WindowsAzureMessaging.h */; };
		929886F01857FAB100C1676C /* SBStaticHandlerResponse.h in Headers */ = {isa = PBXBuildFile; fileRef = 929886EF1857FAB100C1676C /* SBStaticHandlerResponse.h */; };
		92988748185931DE00C1676C /* SBStaticHandlerResponse.m in Sources */ = {isa = PBXBuildFile; fileRef = 92988747185931DE00C1676C /* SBStaticHandlerResponse.m */; };
		A358373916AA3B060041E372 /* SBConnectionString.h in Headers */ = {isa = PBXBuildFile; fileRef = A358371616AA39850041E372 /* SBConnectionString.h */; settings = {ATTRIBUTES = (Public, ); }; };
		A358373A16AA3B080041E372 /* SBNotificationHub.h in Headers */ = {isa = PBXBuildFile; fileRef = A358371816AA39850041E372 /* SBNotificationHub.h */; settings = {ATTRIBUTES = (Public, ); }; };
		A358373C16AA3B0B0041E372 /* SBRegistration.h in Headers */ = {isa = PBXBuildFile; fileRef = A358371C16AA39850041E372 /* SBRegistration.h */; settings = {ATTRIBUTES = (Public, ); }; };
		A358373D16AA3B0D0041E372 /* WindowsAzureMessaging.h in Headers */ = {isa = PBXBuildFile; fileRef = 906E404016A86A3200817A11 /* WindowsAzureMessaging.h */; settings = {ATTRIBUTES = (Public, ); }; };
		A358373E16AA3B120041E372 /* SBNotificationHubHelper.h in Headers */ = {isa = PBXBuildFile; fileRef = A358370E16AA39850041E372 /* SBNotificationHubHelper.h */; settings = {ATTRIBUTES = (Private, ); }; };
		A358373F16AA3B140041E372 /* SBRegistrationParser.h in Headers */ = {isa = PBXBuildFile; fileRef = A358371016AA39850041E372 /* SBRegistrationParser.h */; settings = {ATTRIBUTES = (Private, ); }; };
		A358374016AA3B160041E372 /* SBTokenProvider.h in Headers */ = {isa = PBXBuildFile; fileRef = A358371216AA39850041E372 /* SBTokenProvider.h */; settings = {ATTRIBUTES = (Public, ); }; };
		A358374116AA3B190041E372 /* SBURLConnection.h in Headers */ = {isa = PBXBuildFile; fileRef = A358371416AA39850041E372 /* SBURLConnection.h */; settings = {ATTRIBUTES = (Private, ); }; };
		A358374216AA3B1B0041E372 /* SBNotificationHubHelper.m in Sources */ = {isa = PBXBuildFile; fileRef = A358370F16AA39850041E372 /* SBNotificationHubHelper.m */; };
		A358374316AA3B1D0041E372 /* SBRegistrationParser.m in Sources */ = {isa = PBXBuildFile; fileRef = A358371116AA39850041E372 /* SBRegistrationParser.m */; };
		A358374416AA3B1E0041E372 /* SBTokenProvider.m in Sources */ = {isa = PBXBuildFile; fileRef = A358371316AA39850041E372 /* SBTokenProvider.m */; };
		A358374516AA3B1F0041E372 /* SBURLConnection.m in Sources */ = {isa = PBXBuildFile; fileRef = A358371516AA39850041E372 /* SBURLConnection.m */; };
		A358374616AA3B210041E372 /* SBConnectionString.m in Sources */ = {isa = PBXBuildFile; fileRef = A358371716AA39850041E372 /* SBConnectionString.m */; };
		A358374716AA3B220041E372 /* SBNotificationHub.m in Sources */ = {isa = PBXBuildFile; fileRef = A358371916AA39850041E372 /* SBNotificationHub.m */; };
		A358374916AA3B250041E372 /* SBRegistration.m in Sources */ = {isa = PBXBuildFile; fileRef = A358371D16AA39850041E372 /* SBRegistration.m */; };
/* End PBXBuildFile section */

/* Begin PBXContainerItemProxy section */
		906E407116A8853000817A11 /* PBXContainerItemProxy */ = {
			isa = PBXContainerItemProxy;
			containerPortal = 906E402F16A86A3200817A11 /* Project object */;
			proxyType = 1;
			remoteGlobalIDString = 906E403716A86A3200817A11;
			remoteInfo = WindowsAzureMessaging;
		};
/* End PBXContainerItemProxy section */

/* Begin PBXCopyFilesBuildPhase section */
		906E403616A86A3200817A11 /* CopyFiles */ = {
			isa = PBXCopyFilesBuildPhase;
			buildActionMask = 2147483647;
			dstPath = "include/${PRODUCT_NAME}";
			dstSubfolderSpec = 16;
			files = (
				906E406216A86E4300817A11 /* WindowsAzureMessaging.h in CopyFiles */,
			);
			runOnlyForDeploymentPostprocessing = 0;
		};
/* End PBXCopyFilesBuildPhase section */

/* Begin PBXFileReference section */
		8471C92916EABF5600C73674 /* SBLocalStorage.h */ = {isa = PBXFileReference; fileEncoding = 4; lastKnownFileType = sourcecode.c.h; path = SBLocalStorage.h; sourceTree = "<group>"; };
		8471C92A16EABF5600C73674 /* SBLocalStorage.m */ = {isa = PBXFileReference; fileEncoding = 4; lastKnownFileType = sourcecode.c.objc; path = SBLocalStorage.m; sourceTree = "<group>"; };
		848CB70816FBE52D00183E8D /* SBTemplateRegistration.h */ = {isa = PBXFileReference; fileEncoding = 4; lastKnownFileType = sourcecode.c.h; name = SBTemplateRegistration.h; path = ../SBTemplateRegistration.h; sourceTree = "<group>"; };
		848CB70916FBE52D00183E8D /* SBTemplateRegistration.m */ = {isa = PBXFileReference; fileEncoding = 4; lastKnownFileType = sourcecode.c.objc; name = SBTemplateRegistration.m; path = ../SBTemplateRegistration.m; sourceTree = "<group>"; };
		848CB73A16FCC78E00183E8D /* SBStoredRegistrationEntry.h */ = {isa = PBXFileReference; fileEncoding = 4; lastKnownFileType = sourcecode.c.h; path = SBStoredRegistrationEntry.h; sourceTree = "<group>"; };
		848CB73B16FCC78E00183E8D /* SBStoredRegistrationEntry.m */ = {isa = PBXFileReference; fileEncoding = 4; lastKnownFileType = sourcecode.c.objc; path = SBStoredRegistrationEntry.m; sourceTree = "<group>"; };
		906E403816A86A3200817A11 /* libWindowsAzureMessaging.a */ = {isa = PBXFileReference; explicitFileType = archive.ar; includeInIndex = 0; path = libWindowsAzureMessaging.a; sourceTree = BUILT_PRODUCTS_DIR; };
		906E403B16A86A3200817A11 /* Foundation.framework */ = {isa = PBXFileReference; lastKnownFileType = wrapper.framework; name = Foundation.framework; path = System/Library/Frameworks/Foundation.framework; sourceTree = SDKROOT; };
		906E403F16A86A3200817A11 /* WindowsAzureMessaging-Prefix.pch */ = {isa = PBXFileReference; lastKnownFileType = sourcecode.c.h; path = "WindowsAzureMessaging-Prefix.pch"; sourceTree = "<group>"; };
		906E404016A86A3200817A11 /* WindowsAzureMessaging.h */ = {isa = PBXFileReference; lastKnownFileType = sourcecode.c.h; path = WindowsAzureMessaging.h; sourceTree = "<group>"; };
		929886EF1857FAB100C1676C /* SBStaticHandlerResponse.h */ = {isa = PBXFileReference; fileEncoding = 4; lastKnownFileType = sourcecode.c.h; path = SBStaticHandlerResponse.h; sourceTree = "<group>"; };
		92988747185931DE00C1676C /* SBStaticHandlerResponse.m */ = {isa = PBXFileReference; fileEncoding = 4; lastKnownFileType = sourcecode.c.objc; path = SBStaticHandlerResponse.m; sourceTree = "<group>"; };
		A358370E16AA39850041E372 /* SBNotificationHubHelper.h */ = {isa = PBXFileReference; fileEncoding = 4; lastKnownFileType = sourcecode.c.h; path = SBNotificationHubHelper.h; sourceTree = "<group>"; };
		A358370F16AA39850041E372 /* SBNotificationHubHelper.m */ = {isa = PBXFileReference; fileEncoding = 4; lastKnownFileType = sourcecode.c.objc; path = SBNotificationHubHelper.m; sourceTree = "<group>"; };
		A358371016AA39850041E372 /* SBRegistrationParser.h */ = {isa = PBXFileReference; fileEncoding = 4; lastKnownFileType = sourcecode.c.h; path = SBRegistrationParser.h; sourceTree = "<group>"; };
		A358371116AA39850041E372 /* SBRegistrationParser.m */ = {isa = PBXFileReference; fileEncoding = 4; lastKnownFileType = sourcecode.c.objc; path = SBRegistrationParser.m; sourceTree = "<group>"; };
		A358371216AA39850041E372 /* SBTokenProvider.h */ = {isa = PBXFileReference; fileEncoding = 4; lastKnownFileType = sourcecode.c.h; path = SBTokenProvider.h; sourceTree = "<group>"; };
		A358371316AA39850041E372 /* SBTokenProvider.m */ = {isa = PBXFileReference; fileEncoding = 4; lastKnownFileType = sourcecode.c.objc; path = SBTokenProvider.m; sourceTree = "<group>"; };
		A358371416AA39850041E372 /* SBURLConnection.h */ = {isa = PBXFileReference; fileEncoding = 4; lastKnownFileType = sourcecode.c.h; path = SBURLConnection.h; sourceTree = "<group>"; };
		A358371516AA39850041E372 /* SBURLConnection.m */ = {isa = PBXFileReference; fileEncoding = 4; lastKnownFileType = sourcecode.c.objc; path = SBURLConnection.m; sourceTree = "<group>"; };
		A358371616AA39850041E372 /* SBConnectionString.h */ = {isa = PBXFileReference; fileEncoding = 4; lastKnownFileType = sourcecode.c.h; path = SBConnectionString.h; sourceTree = "<group>"; };
		A358371716AA39850041E372 /* SBConnectionString.m */ = {isa = PBXFileReference; fileEncoding = 4; lastKnownFileType = sourcecode.c.objc; path = SBConnectionString.m; sourceTree = "<group>"; };
		A358371816AA39850041E372 /* SBNotificationHub.h */ = {isa = PBXFileReference; fileEncoding = 4; lastKnownFileType = sourcecode.c.h; path = SBNotificationHub.h; sourceTree = "<group>"; };
		A358371916AA39850041E372 /* SBNotificationHub.m */ = {isa = PBXFileReference; fileEncoding = 4; lastKnownFileType = sourcecode.c.objc; path = SBNotificationHub.m; sourceTree = "<group>"; };
		A358371C16AA39850041E372 /* SBRegistration.h */ = {isa = PBXFileReference; fileEncoding = 4; lastKnownFileType = sourcecode.c.h; name = SBRegistration.h; path = ../SBRegistration.h; sourceTree = "<group>"; };
		A358371D16AA39850041E372 /* SBRegistration.m */ = {isa = PBXFileReference; fileEncoding = 4; lastKnownFileType = sourcecode.c.objc; name = SBRegistration.m; path = ../SBRegistration.m; sourceTree = "<group>"; };
/* End PBXFileReference section */

/* Begin PBXFrameworksBuildPhase section */
		906E403516A86A3200817A11 /* Frameworks */ = {
			isa = PBXFrameworksBuildPhase;
			buildActionMask = 2147483647;
			files = (
				906E403C16A86A3200817A11 /* Foundation.framework in Frameworks */,
			);
			runOnlyForDeploymentPostprocessing = 0;
		};
/* End PBXFrameworksBuildPhase section */

/* Begin PBXGroup section */
		906E402D16A86A3200817A11 = {
			isa = PBXGroup;
			children = (
				906E403D16A86A3200817A11 /* WindowsAzureMessaging */,
				906E403A16A86A3200817A11 /* Frameworks */,
				906E403916A86A3200817A11 /* Products */,
			);
			sourceTree = "<group>";
		};
		906E403916A86A3200817A11 /* Products */ = {
			isa = PBXGroup;
			children = (
				906E403816A86A3200817A11 /* libWindowsAzureMessaging.a */,
			);
			name = Products;
			sourceTree = "<group>";
		};
		906E403A16A86A3200817A11 /* Frameworks */ = {
			isa = PBXGroup;
			children = (
				906E403B16A86A3200817A11 /* Foundation.framework */,
			);
			name = Frameworks;
			sourceTree = "<group>";
		};
		906E403D16A86A3200817A11 /* WindowsAzureMessaging */ = {
			isa = PBXGroup;
			children = (
				A358370D16AA39850041E372 /* Helpers */,
				A358371616AA39850041E372 /* SBConnectionString.h */,
				A358371716AA39850041E372 /* SBConnectionString.m */,
				A358371816AA39850041E372 /* SBNotificationHub.h */,
				A358371916AA39850041E372 /* SBNotificationHub.m */,
				906E404016A86A3200817A11 /* WindowsAzureMessaging.h */,
				906E403E16A86A3200817A11 /* Supporting Files */,
			);
			path = WindowsAzureMessaging;
			sourceTree = "<group>";
		};
		906E403E16A86A3200817A11 /* Supporting Files */ = {
			isa = PBXGroup;
			children = (
				906E403F16A86A3200817A11 /* WindowsAzureMessaging-Prefix.pch */,
			);
			name = "Supporting Files";
			sourceTree = "<group>";
		};
		A358370D16AA39850041E372 /* Helpers */ = {
			isa = PBXGroup;
			children = (
				929886EF1857FAB100C1676C /* SBStaticHandlerResponse.h */,
				92988747185931DE00C1676C /* SBStaticHandlerResponse.m */,
				A358370E16AA39850041E372 /* SBNotificationHubHelper.h */,
				A358370F16AA39850041E372 /* SBNotificationHubHelper.m */,
				A358371016AA39850041E372 /* SBRegistrationParser.h */,
				A358371116AA39850041E372 /* SBRegistrationParser.m */,
				A358371216AA39850041E372 /* SBTokenProvider.h */,
				A358371316AA39850041E372 /* SBTokenProvider.m */,
				A358371416AA39850041E372 /* SBURLConnection.h */,
				A358371516AA39850041E372 /* SBURLConnection.m */,
				8471C92916EABF5600C73674 /* SBLocalStorage.h */,
				8471C92A16EABF5600C73674 /* SBLocalStorage.m */,
				848CB73A16FCC78E00183E8D /* SBStoredRegistrationEntry.h */,
				848CB73B16FCC78E00183E8D /* SBStoredRegistrationEntry.m */,
				848CB70816FBE52D00183E8D /* SBTemplateRegistration.h */,
				848CB70916FBE52D00183E8D /* SBTemplateRegistration.m */,
				A358371C16AA39850041E372 /* SBRegistration.h */,
				A358371D16AA39850041E372 /* SBRegistration.m */,
			);
			path = Helpers;
			sourceTree = "<group>";
		};
/* End PBXGroup section */

/* Begin PBXHeadersBuildPhase section */
		906E406416A8710700817A11 /* Headers */ = {
			isa = PBXHeadersBuildPhase;
			buildActionMask = 2147483647;
			files = (
				A358373916AA3B060041E372 /* SBConnectionString.h in Headers */,
				A358373A16AA3B080041E372 /* SBNotificationHub.h in Headers */,
				A358373D16AA3B0D0041E372 /* WindowsAzureMessaging.h in Headers */,
				8471C92B16EABF5600C73674 /* SBLocalStorage.h in Headers */,
				A358374016AA3B160041E372 /* SBTokenProvider.h in Headers */,
				A358373C16AA3B0B0041E372 /* SBRegistration.h in Headers */,
				848CB73C16FCC78E00183E8D /* SBStoredRegistrationEntry.h in Headers */,
				A358373E16AA3B120041E372 /* SBNotificationHubHelper.h in Headers */,
				A358374116AA3B190041E372 /* SBURLConnection.h in Headers */,
				848CB70A16FBE52D00183E8D /* SBTemplateRegistration.h in Headers */,
				A358373F16AA3B140041E372 /* SBRegistrationParser.h in Headers */,
				929886F01857FAB100C1676C /* SBStaticHandlerResponse.h in Headers */,
			);
			runOnlyForDeploymentPostprocessing = 0;
		};
/* End PBXHeadersBuildPhase section */

/* Begin PBXNativeTarget section */
		906E403716A86A3200817A11 /* WindowsAzureMessaging */ = {
			isa = PBXNativeTarget;
			buildConfigurationList = 906E404616A86A3200817A11 /* Build configuration list for PBXNativeTarget "WindowsAzureMessaging" */;
			buildPhases = (
				906E403416A86A3200817A11 /* Sources */,
				906E403516A86A3200817A11 /* Frameworks */,
				906E403616A86A3200817A11 /* CopyFiles */,
				906E406416A8710700817A11 /* Headers */,
				906E406016A86CAE00817A11 /* Prepare Framework */,
			);
			buildRules = (
			);
			dependencies = (
			);
			name = WindowsAzureMessaging;
			productName = WindowsAzureMessaging;
			productReference = 906E403816A86A3200817A11 /* libWindowsAzureMessaging.a */;
			productType = "com.apple.product-type.library.static";
		};
/* End PBXNativeTarget section */

/* Begin PBXProject section */
		906E402F16A86A3200817A11 /* Project object */ = {
			isa = PBXProject;
			attributes = {
				LastUpgradeCheck = 0510;
				ORGANIZATIONNAME = Microsoft;
			};
			buildConfigurationList = 906E403216A86A3200817A11 /* Build configuration list for PBXProject "WindowsAzureMessaging" */;
			compatibilityVersion = "Xcode 3.2";
			developmentRegion = English;
			hasScannedForEncodings = 0;
			knownRegions = (
				en,
			);
			mainGroup = 906E402D16A86A3200817A11;
			productRefGroup = 906E403916A86A3200817A11 /* Products */;
			projectDirPath = "";
			projectRoot = "";
			targets = (
				906E406D16A8851E00817A11 /* Framework */,
				906E403716A86A3200817A11 /* WindowsAzureMessaging */,
			);
		};
/* End PBXProject section */

/* Begin PBXShellScriptBuildPhase section */
		906E406016A86CAE00817A11 /* Prepare Framework */ = {
			isa = PBXShellScriptBuildPhase;
			buildActionMask = 2147483647;
			files = (
			);
			inputPaths = (
			);
			name = "Prepare Framework";
			outputPaths = (
			);
			runOnlyForDeploymentPostprocessing = 0;
			shellPath = /bin/sh;
			shellScript = "set -e\n\nmkdir -p \"${BUILT_PRODUCTS_DIR}/${PRODUCT_NAME}.framework/Versions/A/Headers\"\n\n# Link the \"Current\" version to \"A\"\n/bin/ln -sfh A \"${BUILT_PRODUCTS_DIR}/${PRODUCT_NAME}.framework/Versions/Current\"\n/bin/ln -sfh Versions/Current/Headers \"${BUILT_PRODUCTS_DIR}/${PRODUCT_NAME}.framework/Headers\"\n/bin/ln -sfh \"Versions/Current/${PRODUCT_NAME}\" \"${BUILT_PRODUCTS_DIR}/${PRODUCT_NAME}.framework/${PRODUCT_NAME}\"\n\n# The -a ensures that the headers maintain the source modification date so that we don't constantly\n# cause propagating rebuilds of files that import these headers.\n/bin/cp -a \"${TARGET_BUILD_DIR}/${PUBLIC_HEADERS_FOLDER_PATH}/\" \"${BUILT_PRODUCTS_DIR}/${PRODUCT_NAME}.framework/Versions/A/Headers\"";
		};
		906E407316A8853F00817A11 /* Build other platforms */ = {
			isa = PBXShellScriptBuildPhase;
			buildActionMask = 2147483647;
			files = (
			);
			inputPaths = (
			);
			name = "Build other platforms";
			outputPaths = (
			);
			runOnlyForDeploymentPostprocessing = 0;
			shellPath = /bin/sh;
			shellScript = "set -e\nset +u\n# Avoid recursively calling this script.\nif [[ $SF_MASTER_SCRIPT_RUNNING ]]\nthen\nexit 0\nfi\nset -u\nexport SF_MASTER_SCRIPT_RUNNING=1\n\nSF_TARGET_NAME=${PROJECT_NAME}\nSF_EXECUTABLE_PATH=\"lib${SF_TARGET_NAME}.a\"\nSF_WRAPPER_NAME=\"${SF_TARGET_NAME}.framework\"\n\n# The following conditionals come from\n# https://github.com/kstenerud/iOS-Universal-Framework\n\nif [[ \"$SDK_NAME\" =~ ([A-Za-z]+) ]]\nthen\nSF_SDK_PLATFORM=${BASH_REMATCH[1]}\nelse\necho \"Could not find platform name from SDK_NAME: $SDK_NAME\"\nexit 1\nfi\n\nif [[ \"$SDK_NAME\" =~ ([0-9]+.*$) ]]\nthen\nSF_SDK_VERSION=${BASH_REMATCH[1]}\nelse\necho \"Could not find sdk version from SDK_NAME: $SDK_NAME\"\nexit 1\nfi\n\nif [[ \"$SF_SDK_PLATFORM\" = \"iphoneos\" ]]\nthen\nSF_OTHER_PLATFORM=iphonesimulator\n\nOTHER_ARCH=\"i386 x86_64\"\nelse\nSF_OTHER_PLATFORM=iphoneos\n\nOTHER_ARCH=\"arm64 armv7 armv7s\"\nfi\n\nif [[ \"$BUILT_PRODUCTS_DIR\" =~ (.*)$SF_SDK_PLATFORM$ ]]\nthen\nSF_OTHER_BUILT_PRODUCTS_DIR=\"${BASH_REMATCH[1]}${SF_OTHER_PLATFORM}\"\nelse\necho \"Could not find platform name from build products directory: $BUILT_PRODUCTS_DIR\"\nexit 1\nfi\n\n# Build the other platform.\nxcodebuild -project \"${PROJECT_FILE_PATH}\" -target \"${TARGET_NAME}\" -configuration \"${CONFIGURATION}\" -sdk ${SF_OTHER_PLATFORM}${SF_SDK_VERSION} BUILD_DIR=\"${BUILD_DIR}\" OBJROOT=\"${OBJROOT}\" BUILD_ROOT=\"${BUILD_ROOT}\" SYMROOT=\"${SYMROOT}\" $ACTION\n\n# Smash the two static libraries into one fat binary and store it in the .framework\nlipo -create \"${BUILT_PRODUCTS_DIR}/${SF_EXECUTABLE_PATH}\" \"${SF_OTHER_BUILT_PRODUCTS_DIR}/${SF_EXECUTABLE_PATH}\" -output \"${BUILT_PRODUCTS_DIR}/${SF_WRAPPER_NAME}/Versions/A/${SF_TARGET_NAME}\"\n\n# Copy the binary to the other architecture folder to have a complete framework in both.\ncp -a \"${BUILT_PRODUCTS_DIR}/${SF_WRAPPER_NAME}/Versions/A/${SF_TARGET_NAME}\" \"${SF_OTHER_BUILT_PRODUCTS_DIR}/${SF_WRAPPER_NAME}/Versions/A/${SF_TARGET_NAME}\"";
		};
/* End PBXShellScriptBuildPhase section */

/* Begin PBXSourcesBuildPhase section */
		906E403416A86A3200817A11 /* Sources */ = {
			isa = PBXSourcesBuildPhase;
			buildActionMask = 2147483647;
			files = (
				A358374216AA3B1B0041E372 /* SBNotificationHubHelper.m in Sources */,
				A358374316AA3B1D0041E372 /* SBRegistrationParser.m in Sources */,
				A358374516AA3B1F0041E372 /* SBURLConnection.m in Sources */,
				A358374716AA3B220041E372 /* SBNotificationHub.m in Sources */,
				A358374916AA3B250041E372 /* SBRegistration.m in Sources */,
				A358374616AA3B210041E372 /* SBConnectionString.m in Sources */,
				A358374416AA3B1E0041E372 /* SBTokenProvider.m in Sources */,
				8471C92C16EABF5600C73674 /* SBLocalStorage.m in Sources */,
				848CB73D16FCC78E00183E8D /* SBStoredRegistrationEntry.m in Sources */,
				848CB70B16FBE52D00183E8D /* SBTemplateRegistration.m in Sources */,
				92988748185931DE00C1676C /* SBStaticHandlerResponse.m in Sources */,
			);
			runOnlyForDeploymentPostprocessing = 0;
		};
/* End PBXSourcesBuildPhase section */

/* Begin PBXTargetDependency section */
		906E407216A8853000817A11 /* PBXTargetDependency */ = {
			isa = PBXTargetDependency;
			target = 906E403716A86A3200817A11 /* WindowsAzureMessaging */;
			targetProxy = 906E407116A8853000817A11 /* PBXContainerItemProxy */;
		};
/* End PBXTargetDependency section */

/* Begin XCBuildConfiguration section */
		906E404416A86A3200817A11 /* Debug */ = {
			isa = XCBuildConfiguration;
			buildSettings = {
				ALWAYS_SEARCH_USER_PATHS = NO;
				CLANG_CXX_LANGUAGE_STANDARD = "gnu++0x";
				CLANG_ENABLE_OBJC_ARC = YES;
				CLANG_WARN_BOOL_CONVERSION = YES;
				CLANG_WARN_CONSTANT_CONVERSION = YES;
				CLANG_WARN_EMPTY_BODY = YES;
				CLANG_WARN_ENUM_CONVERSION = YES;
				CLANG_WARN_INT_CONVERSION = YES;
				CLANG_WARN__DUPLICATE_METHOD_MATCH = YES;
				COPY_PHASE_STRIP = NO;
				GCC_C_LANGUAGE_STANDARD = gnu99;
				GCC_DYNAMIC_NO_PIC = NO;
				GCC_OPTIMIZATION_LEVEL = 0;
				GCC_PREPROCESSOR_DEFINITIONS = (
					"DEBUG=1",
					"$(inherited)",
				);
				GCC_SYMBOLS_PRIVATE_EXTERN = NO;
				GCC_VERSION = com.apple.compilers.llvm.clang.1_0;
				GCC_WARN_64_TO_32_BIT_CONVERSION = YES;
				GCC_WARN_ABOUT_RETURN_TYPE = YES;
				GCC_WARN_UNDECLARED_SELECTOR = YES;
				GCC_WARN_UNINITIALIZED_AUTOS = YES;
				GCC_WARN_UNUSED_FUNCTION = YES;
				GCC_WARN_UNUSED_VARIABLE = YES;
				IPHONEOS_DEPLOYMENT_TARGET = 5.1;
				ONLY_ACTIVE_ARCH = YES;
				SDKROOT = iphoneos;
			};
			name = Debug;
		};
		906E404516A86A3200817A11 /* Release */ = {
			isa = XCBuildConfiguration;
			buildSettings = {
				ALWAYS_SEARCH_USER_PATHS = NO;
				CLANG_CXX_LANGUAGE_STANDARD = "gnu++0x";
				CLANG_ENABLE_OBJC_ARC = YES;
				CLANG_WARN_BOOL_CONVERSION = YES;
				CLANG_WARN_CONSTANT_CONVERSION = YES;
				CLANG_WARN_EMPTY_BODY = YES;
				CLANG_WARN_ENUM_CONVERSION = YES;
				CLANG_WARN_INT_CONVERSION = YES;
				CLANG_WARN__DUPLICATE_METHOD_MATCH = YES;
				COPY_PHASE_STRIP = YES;
				GCC_C_LANGUAGE_STANDARD = gnu99;
				GCC_VERSION = com.apple.compilers.llvm.clang.1_0;
				GCC_WARN_64_TO_32_BIT_CONVERSION = YES;
				GCC_WARN_ABOUT_RETURN_TYPE = YES;
				GCC_WARN_UNDECLARED_SELECTOR = YES;
				GCC_WARN_UNINITIALIZED_AUTOS = YES;
				GCC_WARN_UNUSED_FUNCTION = YES;
				GCC_WARN_UNUSED_VARIABLE = YES;
				IPHONEOS_DEPLOYMENT_TARGET = 5.1;
				SDKROOT = iphoneos;
				VALIDATE_PRODUCT = YES;
			};
			name = Release;
		};
		906E404716A86A3200817A11 /* Debug */ = {
			isa = XCBuildConfiguration;
			buildSettings = {
				DSTROOT = /tmp/WindowsAzureMessaging.dst;
				GCC_PRECOMPILE_PREFIX_HEADER = YES;
				GCC_PREFIX_HEADER = "WindowsAzureMessaging/WindowsAzureMessaging-Prefix.pch";
				OTHER_LDFLAGS = "-ObjC";
				PRODUCT_NAME = "$(TARGET_NAME)";
				PUBLIC_HEADERS_FOLDER_PATH = "$(PROJECT_NAME)Headers";
				SKIP_INSTALL = YES;
			};
			name = Debug;
		};
		906E404816A86A3200817A11 /* Release */ = {
			isa = XCBuildConfiguration;
			buildSettings = {
				DSTROOT = /tmp/WindowsAzureMessaging.dst;
				GCC_PRECOMPILE_PREFIX_HEADER = YES;
				GCC_PREFIX_HEADER = "WindowsAzureMessaging/WindowsAzureMessaging-Prefix.pch";
				OTHER_LDFLAGS = "-ObjC";
				PRODUCT_NAME = "$(TARGET_NAME)";
				PUBLIC_HEADERS_FOLDER_PATH = "$(PROJECT_NAME)Headers";
				SKIP_INSTALL = YES;
			};
			name = Release;
		};
		906E406F16A8851E00817A11 /* Debug */ = {
			isa = XCBuildConfiguration;
			buildSettings = {
				IPHONEOS_DEPLOYMENT_TARGET = 5.1.1;
				PRODUCT_NAME = "$(TARGET_NAME)";
			};
			name = Debug;
		};
		906E407016A8851E00817A11 /* Release */ = {
			isa = XCBuildConfiguration;
			buildSettings = {
				IPHONEOS_DEPLOYMENT_TARGET = 5.1.1;
				PRODUCT_NAME = "$(TARGET_NAME)";
			};
			name = Release;
		};
/* End XCBuildConfiguration section */

/* Begin XCConfigurationList section */
		906E403216A86A3200817A11 /* Build configuration list for PBXProject "WindowsAzureMessaging" */ = {
			isa = XCConfigurationList;
			buildConfigurations = (
				906E404416A86A3200817A11 /* Debug */,
				906E404516A86A3200817A11 /* Release */,
			);
			defaultConfigurationIsVisible = 0;
			defaultConfigurationName = Release;
		};
		906E404616A86A3200817A11 /* Build configuration list for PBXNativeTarget "WindowsAzureMessaging" */ = {
			isa = XCConfigurationList;
			buildConfigurations = (
				906E404716A86A3200817A11 /* Debug */,
				906E404816A86A3200817A11 /* Release */,
			);
			defaultConfigurationIsVisible = 0;
			defaultConfigurationName = Release;
		};
		906E406E16A8851E00817A11 /* Build configuration list for PBXAggregateTarget "Framework" */ = {
			isa = XCConfigurationList;
			buildConfigurations = (
				906E406F16A8851E00817A11 /* Debug */,
				906E407016A8851E00817A11 /* Release */,
			);
			defaultConfigurationIsVisible = 0;
			defaultConfigurationName = Release;
		};
/* End XCConfigurationList section */
	};
	rootObject = 906E402F16A86A3200817A11 /* Project object */;
}
