// !$*UTF8*$!
{
	archiveVersion = 1;
	classes = {
	};
	objectVersion = 46;
	objects = {

/* Begin PBXBuildFile section */
		16D92203240700B100FB17C6 /* RCTAzureNotificationHub.m in Sources */ = {isa = PBXBuildFile; fileRef = 16D92202240700B100FB17C6 /* RCTAzureNotificationHub.m */; };
		4513A3AF24078CC300A0A996 /* RCTAzureNotificationHubUtil.m in Sources */ = {isa = PBXBuildFile; fileRef = 4513A3AE24078CC300A0A996 /* RCTAzureNotificationHubUtil.m */; };
		4519AACD240773E500A9CED7 /* RCTAzureNotificationHandler.m in Sources */ = {isa = PBXBuildFile; fileRef = 4519AACB240773E500A9CED7 /* RCTAzureNotificationHandler.m */; };
		458BD41D1D9EDE5E007E3F13 /* RCTAzureNotificationHubManager.h in CopyFiles */ = {isa = PBXBuildFile; fileRef = 458BD41C1D9EDE5E007E3F13 /* RCTAzureNotificationHubManager.h */; };
		458BD41F1D9EDE5E007E3F13 /* RCTAzureNotificationHubManager.m in Sources */ = {isa = PBXBuildFile; fileRef = 458BD41E1D9EDE5E007E3F13 /* RCTAzureNotificationHubManager.m */; };
/* End PBXBuildFile section */

/* Begin PBXCopyFilesBuildPhase section */
		458BD4171D9EDE5E007E3F13 /* CopyFiles */ = {
			isa = PBXCopyFilesBuildPhase;
			buildActionMask = 2147483647;
			dstPath = "include/$(PRODUCT_NAME)";
			dstSubfolderSpec = 16;
			files = (
				458BD41D1D9EDE5E007E3F13 /* RCTAzureNotificationHubManager.h in CopyFiles */,
			);
			runOnlyForDeploymentPostprocessing = 0;
		};
/* End PBXCopyFilesBuildPhase section */

/* Begin PBXFileReference section */
		16D92201240700B100FB17C6 /* RCTAzureNotificationHub.h */ = {isa = PBXFileReference; fileEncoding = 4; lastKnownFileType = sourcecode.c.h; path = RCTAzureNotificationHub.h; sourceTree = "<group>"; };
		16D92202240700B100FB17C6 /* RCTAzureNotificationHub.m */ = {isa = PBXFileReference; fileEncoding = 4; lastKnownFileType = sourcecode.c.objc; path = RCTAzureNotificationHub.m; sourceTree = "<group>"; };
		4513A3AD24078CC300A0A996 /* RCTAzureNotificationHubUtil.h */ = {isa = PBXFileReference; fileEncoding = 4; lastKnownFileType = sourcecode.c.h; path = RCTAzureNotificationHubUtil.h; sourceTree = "<group>"; };
		4513A3AE24078CC300A0A996 /* RCTAzureNotificationHubUtil.m */ = {isa = PBXFileReference; fileEncoding = 4; lastKnownFileType = sourcecode.c.objc; path = RCTAzureNotificationHubUtil.m; sourceTree = "<group>"; };
		4519AACB240773E500A9CED7 /* RCTAzureNotificationHandler.m */ = {isa = PBXFileReference; fileEncoding = 4; lastKnownFileType = sourcecode.c.objc; path = RCTAzureNotificationHandler.m; sourceTree = "<group>"; };
		4519AACC240773E500A9CED7 /* RCTAzureNotificationHandler.h */ = {isa = PBXFileReference; fileEncoding = 4; lastKnownFileType = sourcecode.c.h; path = RCTAzureNotificationHandler.h; sourceTree = "<group>"; };
		458BD4191D9EDE5E007E3F13 /* libRCTAzureNotificationHubManager.a */ = {isa = PBXFileReference; explicitFileType = archive.ar; includeInIndex = 0; path = libRCTAzureNotificationHubManager.a; sourceTree = BUILT_PRODUCTS_DIR; };
		458BD41C1D9EDE5E007E3F13 /* RCTAzureNotificationHubManager.h */ = {isa = PBXFileReference; lastKnownFileType = sourcecode.c.h; path = RCTAzureNotificationHubManager.h; sourceTree = "<group>"; };
		458BD41E1D9EDE5E007E3F13 /* RCTAzureNotificationHubManager.m */ = {isa = PBXFileReference; lastKnownFileType = sourcecode.c.objc; path = RCTAzureNotificationHubManager.m; sourceTree = "<group>"; };
/* End PBXFileReference section */

/* Begin PBXFrameworksBuildPhase section */
		458BD4161D9EDE5E007E3F13 /* Frameworks */ = {
			isa = PBXFrameworksBuildPhase;
			buildActionMask = 2147483647;
			files = (
			);
			runOnlyForDeploymentPostprocessing = 0;
		};
/* End PBXFrameworksBuildPhase section */

/* Begin PBXGroup section */
		458BD4101D9EDE5E007E3F13 = {
			isa = PBXGroup;
			children = (
				458BD41B1D9EDE5E007E3F13 /* RCTAzureNotificationHubManager */,
				458BD41A1D9EDE5E007E3F13 /* Products */,
			);
			sourceTree = "<group>";
		};
		458BD41A1D9EDE5E007E3F13 /* Products */ = {
			isa = PBXGroup;
			children = (
				458BD4191D9EDE5E007E3F13 /* libRCTAzureNotificationHubManager.a */,
			);
			name = Products;
			sourceTree = "<group>";
		};
		458BD41B1D9EDE5E007E3F13 /* RCTAzureNotificationHubManager */ = {
			isa = PBXGroup;
			children = (
				4513A3AD24078CC300A0A996 /* RCTAzureNotificationHubUtil.h */,
				4513A3AE24078CC300A0A996 /* RCTAzureNotificationHubUtil.m */,
				4519AACC240773E500A9CED7 /* RCTAzureNotificationHandler.h */,
				4519AACB240773E500A9CED7 /* RCTAzureNotificationHandler.m */,
				16D92201240700B100FB17C6 /* RCTAzureNotificationHub.h */,
				16D92202240700B100FB17C6 /* RCTAzureNotificationHub.m */,
				458BD41C1D9EDE5E007E3F13 /* RCTAzureNotificationHubManager.h */,
				458BD41E1D9EDE5E007E3F13 /* RCTAzureNotificationHubManager.m */,
			);
			path = RCTAzureNotificationHubManager;
			sourceTree = "<group>";
		};
/* End PBXGroup section */

/* Begin PBXNativeTarget section */
		458BD4181D9EDE5E007E3F13 /* RCTAzureNotificationHubManager */ = {
			isa = PBXNativeTarget;
			buildConfigurationList = 458BD4221D9EDE5E007E3F13 /* Build configuration list for PBXNativeTarget "RCTAzureNotificationHubManager" */;
			buildPhases = (
				458BD4151D9EDE5E007E3F13 /* Sources */,
				458BD4161D9EDE5E007E3F13 /* Frameworks */,
				458BD4171D9EDE5E007E3F13 /* CopyFiles */,
			);
			buildRules = (
			);
			dependencies = (
			);
			name = RCTAzureNotificationHubManager;
			productName = RCTAzureNotificationHubManager;
			productReference = 458BD4191D9EDE5E007E3F13 /* libRCTAzureNotificationHubManager.a */;
			productType = "com.apple.product-type.library.static";
		};
/* End PBXNativeTarget section */

/* Begin PBXProject section */
		458BD4111D9EDE5E007E3F13 /* Project object */ = {
			isa = PBXProject;
			attributes = {
				LastUpgradeCheck = 0730;
				ORGANIZATIONNAME = Microsoft;
				TargetAttributes = {
					458BD4181D9EDE5E007E3F13 = {
						CreatedOnToolsVersion = 7.3.1;
					};
				};
			};
			buildConfigurationList = 458BD4141D9EDE5E007E3F13 /* Build configuration list for PBXProject "RCTAzureNotificationHubManager" */;
			compatibilityVersion = "Xcode 3.2";
			developmentRegion = English;
			hasScannedForEncodings = 0;
			knownRegions = (
				English,
				en,
			);
			mainGroup = 458BD4101D9EDE5E007E3F13;
			productRefGroup = 458BD41A1D9EDE5E007E3F13 /* Products */;
			projectDirPath = "";
			projectRoot = "";
			targets = (
				458BD4181D9EDE5E007E3F13 /* RCTAzureNotificationHubManager */,
			);
		};
/* End PBXProject section */

/* Begin PBXSourcesBuildPhase section */
		458BD4151D9EDE5E007E3F13 /* Sources */ = {
			isa = PBXSourcesBuildPhase;
			buildActionMask = 2147483647;
			files = (
				4513A3AF24078CC300A0A996 /* RCTAzureNotificationHubUtil.m in Sources */,
				4519AACD240773E500A9CED7 /* RCTAzureNotificationHandler.m in Sources */,
				16D92203240700B100FB17C6 /* RCTAzureNotificationHub.m in Sources */,
				458BD41F1D9EDE5E007E3F13 /* RCTAzureNotificationHubManager.m in Sources */,
			);
			runOnlyForDeploymentPostprocessing = 0;
		};
/* End PBXSourcesBuildPhase section */

/* Begin XCBuildConfiguration section */
		458BD4201D9EDE5E007E3F13 /* Debug */ = {
			isa = XCBuildConfiguration;
			buildSettings = {
				ALWAYS_SEARCH_USER_PATHS = NO;
				CLANG_ANALYZER_NONNULL = YES;
				CLANG_CXX_LANGUAGE_STANDARD = "gnu++0x";
				CLANG_CXX_LIBRARY = "libc++";
				CLANG_ENABLE_MODULES = YES;
				CLANG_ENABLE_OBJC_ARC = YES;
				CLANG_WARN_BOOL_CONVERSION = YES;
				CLANG_WARN_CONSTANT_CONVERSION = YES;
				CLANG_WARN_DIRECT_OBJC_ISA_USAGE = YES_ERROR;
				CLANG_WARN_EMPTY_BODY = YES;
				CLANG_WARN_ENUM_CONVERSION = YES;
				CLANG_WARN_INT_CONVERSION = YES;
				CLANG_WARN_OBJC_ROOT_CLASS = YES_ERROR;
				CLANG_WARN_UNREACHABLE_CODE = YES;
				CLANG_WARN__DUPLICATE_METHOD_MATCH = YES;
				"CODE_SIGN_IDENTITY[sdk=iphoneos*]" = "iPhone Developer";
				COPY_PHASE_STRIP = NO;
				DEBUG_INFORMATION_FORMAT = dwarf;
				ENABLE_STRICT_OBJC_MSGSEND = YES;
				ENABLE_TESTABILITY = YES;
				GCC_C_LANGUAGE_STANDARD = gnu99;
				GCC_DYNAMIC_NO_PIC = NO;
				GCC_NO_COMMON_BLOCKS = YES;
				GCC_OPTIMIZATION_LEVEL = 0;
				GCC_PREPROCESSOR_DEFINITIONS = (
					"DEBUG=1",
					"$(inherited)",
				);
				GCC_WARN_64_TO_32_BIT_CONVERSION = YES;
				GCC_WARN_ABOUT_RETURN_TYPE = YES_ERROR;
				GCC_WARN_UNDECLARED_SELECTOR = YES;
				GCC_WARN_UNINITIALIZED_AUTOS = YES_AGGRESSIVE;
				GCC_WARN_UNUSED_FUNCTION = YES;
				GCC_WARN_UNUSED_VARIABLE = YES;
				IPHONEOS_DEPLOYMENT_TARGET = 9.3;
				MTL_ENABLE_DEBUG_INFO = YES;
				ONLY_ACTIVE_ARCH = YES;
				SDKROOT = iphoneos;
			};
			name = Debug;
		};
		458BD4211D9EDE5E007E3F13 /* Release */ = {
			isa = XCBuildConfiguration;
			buildSettings = {
				ALWAYS_SEARCH_USER_PATHS = NO;
				CLANG_ANALYZER_NONNULL = YES;
				CLANG_CXX_LANGUAGE_STANDARD = "gnu++0x";
				CLANG_CXX_LIBRARY = "libc++";
				CLANG_ENABLE_MODULES = YES;
				CLANG_ENABLE_OBJC_ARC = YES;
				CLANG_WARN_BOOL_CONVERSION = YES;
				CLANG_WARN_CONSTANT_CONVERSION = YES;
				CLANG_WARN_DIRECT_OBJC_ISA_USAGE = YES_ERROR;
				CLANG_WARN_EMPTY_BODY = YES;
				CLANG_WARN_ENUM_CONVERSION = YES;
				CLANG_WARN_INT_CONVERSION = YES;
				CLANG_WARN_OBJC_ROOT_CLASS = YES_ERROR;
				CLANG_WARN_UNREACHABLE_CODE = YES;
				CLANG_WARN__DUPLICATE_METHOD_MATCH = YES;
				"CODE_SIGN_IDENTITY[sdk=iphoneos*]" = "iPhone Developer";
				COPY_PHASE_STRIP = NO;
				DEBUG_INFORMATION_FORMAT = "dwarf-with-dsym";
				ENABLE_NS_ASSERTIONS = NO;
				ENABLE_STRICT_OBJC_MSGSEND = YES;
				GCC_C_LANGUAGE_STANDARD = gnu99;
				GCC_NO_COMMON_BLOCKS = YES;
				GCC_WARN_64_TO_32_BIT_CONVERSION = YES;
				GCC_WARN_ABOUT_RETURN_TYPE = YES_ERROR;
				GCC_WARN_UNDECLARED_SELECTOR = YES;
				GCC_WARN_UNINITIALIZED_AUTOS = YES_AGGRESSIVE;
				GCC_WARN_UNUSED_FUNCTION = YES;
				GCC_WARN_UNUSED_VARIABLE = YES;
				IPHONEOS_DEPLOYMENT_TARGET = 9.3;
				MTL_ENABLE_DEBUG_INFO = NO;
				SDKROOT = iphoneos;
				VALIDATE_PRODUCT = YES;
			};
			name = Release;
		};
		458BD4231D9EDE5E007E3F13 /* Debug */ = {
			isa = XCBuildConfiguration;
			buildSettings = {
				HEADER_SEARCH_PATHS = (
					"$(SRCROOT)/../../../node_modules/react-native/React/**",
					"$(SRCROOT)/**",
				);
				IPHONEOS_DEPLOYMENT_TARGET = 8.0;
				OTHER_LDFLAGS = "-ObjC";
				PRODUCT_NAME = "$(TARGET_NAME)";
				SKIP_INSTALL = YES;
			};
			name = Debug;
		};
		458BD4241D9EDE5E007E3F13 /* Release */ = {
			isa = XCBuildConfiguration;
			buildSettings = {
				HEADER_SEARCH_PATHS = (
					"$(SRCROOT)/../../../node_modules/react-native/React/**",
					"$(SRCROOT)/**",
				);
				IPHONEOS_DEPLOYMENT_TARGET = 8.0;
				OTHER_LDFLAGS = "-ObjC";
				PRODUCT_NAME = "$(TARGET_NAME)";
				SKIP_INSTALL = YES;
			};
			name = Release;
		};
/* End XCBuildConfiguration section */

/* Begin XCConfigurationList section */
		458BD4141D9EDE5E007E3F13 /* Build configuration list for PBXProject "RCTAzureNotificationHubManager" */ = {
			isa = XCConfigurationList;
			buildConfigurations = (
				458BD4201D9EDE5E007E3F13 /* Debug */,
				458BD4211D9EDE5E007E3F13 /* Release */,
			);
			defaultConfigurationIsVisible = 0;
			defaultConfigurationName = Release;
		};
		458BD4221D9EDE5E007E3F13 /* Build configuration list for PBXNativeTarget "RCTAzureNotificationHubManager" */ = {
			isa = XCConfigurationList;
			buildConfigurations = (
				458BD4231D9EDE5E007E3F13 /* Debug */,
				458BD4241D9EDE5E007E3F13 /* Release */,
			);
			defaultConfigurationIsVisible = 0;
			defaultConfigurationName = Release;
		};
/* End XCConfigurationList section */
	};
	rootObject = 458BD4111D9EDE5E007E3F13 /* Project object */;
}
